// !$*UTF8*$!
{
	archiveVersion = 1;
	classes = {
	};
	objectVersion = 50;
	objects = {

/* Begin PBXBuildFile section */
		0E49175F26CA2ABC0045C0E8 /* AppDelegate.swift in Sources */ = {isa = PBXBuildFile; fileRef = 0E49175E26CA2ABC0045C0E8 /* AppDelegate.swift */; };
		0E49176126CA2ABC0045C0E8 /* SceneDelegate.swift in Sources */ = {isa = PBXBuildFile; fileRef = 0E49176026CA2ABC0045C0E8 /* SceneDelegate.swift */; };
		0E49176326CA2ABC0045C0E8 /* ContentView.swift in Sources */ = {isa = PBXBuildFile; fileRef = 0E49176226CA2ABC0045C0E8 /* ContentView.swift */; };
		0E49176526CA2ABF0045C0E8 /* Assets.xcassets in Resources */ = {isa = PBXBuildFile; fileRef = 0E49176426CA2ABF0045C0E8 /* Assets.xcassets */; };
		0E49176826CA2ABF0045C0E8 /* Preview Assets.xcassets in Resources */ = {isa = PBXBuildFile; fileRef = 0E49176726CA2ABF0045C0E8 /* Preview Assets.xcassets */; };
		0E49176B26CA2ABF0045C0E8 /* LaunchScreen.storyboard in Resources */ = {isa = PBXBuildFile; fileRef = 0E49176926CA2ABF0045C0E8 /* LaunchScreen.storyboard */; };
		0E49177626CA2ABF0045C0E8 /* Tip_CalculatorTests.swift in Sources */ = {isa = PBXBuildFile; fileRef = 0E49177526CA2ABF0045C0E8 /* Tip_CalculatorTests.swift */; };
		0E49178126CA2ABF0045C0E8 /* Tip_CalculatorUITests.swift in Sources */ = {isa = PBXBuildFile; fileRef = 0E49178026CA2ABF0045C0E8 /* Tip_CalculatorUITests.swift */; };
/* End PBXBuildFile section */

/* Begin PBXContainerItemProxy section */
		0E49177226CA2ABF0045C0E8 /* PBXContainerItemProxy */ = {
			isa = PBXContainerItemProxy;
			containerPortal = 0E49175326CA2ABC0045C0E8 /* Project object */;
			proxyType = 1;
			remoteGlobalIDString = 0E49175A26CA2ABC0045C0E8;
			remoteInfo = "Tip Calculator";
		};
		0E49177D26CA2ABF0045C0E8 /* PBXContainerItemProxy */ = {
			isa = PBXContainerItemProxy;
			containerPortal = 0E49175326CA2ABC0045C0E8 /* Project object */;
			proxyType = 1;
			remoteGlobalIDString = 0E49175A26CA2ABC0045C0E8;
			remoteInfo = "Tip Calculator";
		};
/* End PBXContainerItemProxy section */

/* Begin PBXFileReference section */
		0E49175B26CA2ABC0045C0E8 /* Tip Calculator.app */ = {isa = PBXFileReference; explicitFileType = wrapper.application; includeInIndex = 0; path = "Tip Calculator.app"; sourceTree = BUILT_PRODUCTS_DIR; };
		0E49175E26CA2ABC0045C0E8 /* AppDelegate.swift */ = {isa = PBXFileReference; lastKnownFileType = sourcecode.swift; path = AppDelegate.swift; sourceTree = "<group>"; };
		0E49176026CA2ABC0045C0E8 /* SceneDelegate.swift */ = {isa = PBXFileReference; lastKnownFileType = sourcecode.swift; path = SceneDelegate.swift; sourceTree = "<group>"; };
		0E49176226CA2ABC0045C0E8 /* ContentView.swift */ = {isa = PBXFileReference; lastKnownFileType = sourcecode.swift; path = ContentView.swift; sourceTree = "<group>"; };
		0E49176426CA2ABF0045C0E8 /* Assets.xcassets */ = {isa = PBXFileReference; lastKnownFileType = folder.assetcatalog; path = Assets.xcassets; sourceTree = "<group>"; };
		0E49176726CA2ABF0045C0E8 /* Preview Assets.xcassets */ = {isa = PBXFileReference; lastKnownFileType = folder.assetcatalog; path = "Preview Assets.xcassets"; sourceTree = "<group>"; };
		0E49176A26CA2ABF0045C0E8 /* Base */ = {isa = PBXFileReference; lastKnownFileType = file.storyboard; name = Base; path = Base.lproj/LaunchScreen.storyboard; sourceTree = "<group>"; };
		0E49176C26CA2ABF0045C0E8 /* Info.plist */ = {isa = PBXFileReference; lastKnownFileType = text.plist.xml; path = Info.plist; sourceTree = "<group>"; };
		0E49177126CA2ABF0045C0E8 /* Tip CalculatorTests.xctest */ = {isa = PBXFileReference; explicitFileType = wrapper.cfbundle; includeInIndex = 0; path = "Tip CalculatorTests.xctest"; sourceTree = BUILT_PRODUCTS_DIR; };
		0E49177526CA2ABF0045C0E8 /* Tip_CalculatorTests.swift */ = {isa = PBXFileReference; lastKnownFileType = sourcecode.swift; path = Tip_CalculatorTests.swift; sourceTree = "<group>"; };
		0E49177726CA2ABF0045C0E8 /* Info.plist */ = {isa = PBXFileReference; lastKnownFileType = text.plist.xml; path = Info.plist; sourceTree = "<group>"; };
		0E49177C26CA2ABF0045C0E8 /* Tip CalculatorUITests.xctest */ = {isa = PBXFileReference; explicitFileType = wrapper.cfbundle; includeInIndex = 0; path = "Tip CalculatorUITests.xctest"; sourceTree = BUILT_PRODUCTS_DIR; };
		0E49178026CA2ABF0045C0E8 /* Tip_CalculatorUITests.swift */ = {isa = PBXFileReference; lastKnownFileType = sourcecode.swift; path = Tip_CalculatorUITests.swift; sourceTree = "<group>"; };
		0E49178226CA2ABF0045C0E8 /* Info.plist */ = {isa = PBXFileReference; lastKnownFileType = text.plist.xml; path = Info.plist; sourceTree = "<group>"; };
/* End PBXFileReference section */

/* Begin PBXFrameworksBuildPhase section */
		0E49175826CA2ABC0045C0E8 /* Frameworks */ = {
			isa = PBXFrameworksBuildPhase;
			buildActionMask = 2147483647;
			files = (
			);
			runOnlyForDeploymentPostprocessing = 0;
		};
		0E49176E26CA2ABF0045C0E8 /* Frameworks */ = {
			isa = PBXFrameworksBuildPhase;
			buildActionMask = 2147483647;
			files = (
			);
			runOnlyForDeploymentPostprocessing = 0;
		};
		0E49177926CA2ABF0045C0E8 /* Frameworks */ = {
			isa = PBXFrameworksBuildPhase;
			buildActionMask = 2147483647;
			files = (
			);
			runOnlyForDeploymentPostprocessing = 0;
		};
/* End PBXFrameworksBuildPhase section */

/* Begin PBXGroup section */
		0E49175226CA2ABC0045C0E8 = {
			isa = PBXGroup;
			children = (
				0E49175D26CA2ABC0045C0E8 /* Tip Calculator */,
				0E49177426CA2ABF0045C0E8 /* Tip CalculatorTests */,
				0E49177F26CA2ABF0045C0E8 /* Tip CalculatorUITests */,
				0E49175C26CA2ABC0045C0E8 /* Products */,
			);
			sourceTree = "<group>";
		};
		0E49175C26CA2ABC0045C0E8 /* Products */ = {
			isa = PBXGroup;
			children = (
				0E49175B26CA2ABC0045C0E8 /* Tip Calculator.app */,
				0E49177126CA2ABF0045C0E8 /* Tip CalculatorTests.xctest */,
				0E49177C26CA2ABF0045C0E8 /* Tip CalculatorUITests.xctest */,
			);
			name = Products;
			sourceTree = "<group>";
		};
		0E49175D26CA2ABC0045C0E8 /* Tip Calculator */ = {
			isa = PBXGroup;
			children = (
				0E49175E26CA2ABC0045C0E8 /* AppDelegate.swift */,
				0E49176026CA2ABC0045C0E8 /* SceneDelegate.swift */,
				0E49176226CA2ABC0045C0E8 /* ContentView.swift */,
				0E49176426CA2ABF0045C0E8 /* Assets.xcassets */,
				0E49176926CA2ABF0045C0E8 /* LaunchScreen.storyboard */,
				0E49176C26CA2ABF0045C0E8 /* Info.plist */,
				0E49176626CA2ABF0045C0E8 /* Preview Content */,
			);
			path = "Tip Calculator";
			sourceTree = "<group>";
		};
		0E49176626CA2ABF0045C0E8 /* Preview Content */ = {
			isa = PBXGroup;
			children = (
				0E49176726CA2ABF0045C0E8 /* Preview Assets.xcassets */,
			);
			path = "Preview Content";
			sourceTree = "<group>";
		};
		0E49177426CA2ABF0045C0E8 /* Tip CalculatorTests */ = {
			isa = PBXGroup;
			children = (
				0E49177526CA2ABF0045C0E8 /* Tip_CalculatorTests.swift */,
				0E49177726CA2ABF0045C0E8 /* Info.plist */,
			);
			path = "Tip CalculatorTests";
			sourceTree = "<group>";
		};
		0E49177F26CA2ABF0045C0E8 /* Tip CalculatorUITests */ = {
			isa = PBXGroup;
			children = (
				0E49178026CA2ABF0045C0E8 /* Tip_CalculatorUITests.swift */,
				0E49178226CA2ABF0045C0E8 /* Info.plist */,
			);
			path = "Tip CalculatorUITests";
			sourceTree = "<group>";
		};
/* End PBXGroup section */

/* Begin PBXNativeTarget section */
		0E49175A26CA2ABC0045C0E8 /* Tip Calculator */ = {
			isa = PBXNativeTarget;
			buildConfigurationList = 0E49178526CA2ABF0045C0E8 /* Build configuration list for PBXNativeTarget "Tip Calculator" */;
			buildPhases = (
				0E49175726CA2ABC0045C0E8 /* Sources */,
				0E49175826CA2ABC0045C0E8 /* Frameworks */,
				0E49175926CA2ABC0045C0E8 /* Resources */,
			);
			buildRules = (
			);
			dependencies = (
			);
			name = "Tip Calculator";
			productName = "Tip Calculator";
			productReference = 0E49175B26CA2ABC0045C0E8 /* Tip Calculator.app */;
			productType = "com.apple.product-type.application";
		};
		0E49177026CA2ABF0045C0E8 /* Tip CalculatorTests */ = {
			isa = PBXNativeTarget;
			buildConfigurationList = 0E49178826CA2ABF0045C0E8 /* Build configuration list for PBXNativeTarget "Tip CalculatorTests" */;
			buildPhases = (
				0E49176D26CA2ABF0045C0E8 /* Sources */,
				0E49176E26CA2ABF0045C0E8 /* Frameworks */,
				0E49176F26CA2ABF0045C0E8 /* Resources */,
			);
			buildRules = (
			);
			dependencies = (
				0E49177326CA2ABF0045C0E8 /* PBXTargetDependency */,
			);
			name = "Tip CalculatorTests";
			productName = "Tip CalculatorTests";
			productReference = 0E49177126CA2ABF0045C0E8 /* Tip CalculatorTests.xctest */;
			productType = "com.apple.product-type.bundle.unit-test";
		};
		0E49177B26CA2ABF0045C0E8 /* Tip CalculatorUITests */ = {
			isa = PBXNativeTarget;
			buildConfigurationList = 0E49178B26CA2ABF0045C0E8 /* Build configuration list for PBXNativeTarget "Tip CalculatorUITests" */;
			buildPhases = (
				0E49177826CA2ABF0045C0E8 /* Sources */,
				0E49177926CA2ABF0045C0E8 /* Frameworks */,
				0E49177A26CA2ABF0045C0E8 /* Resources */,
			);
			buildRules = (
			);
			dependencies = (
				0E49177E26CA2ABF0045C0E8 /* PBXTargetDependency */,
			);
			name = "Tip CalculatorUITests";
			productName = "Tip CalculatorUITests";
			productReference = 0E49177C26CA2ABF0045C0E8 /* Tip CalculatorUITests.xctest */;
			productType = "com.apple.product-type.bundle.ui-testing";
		};
/* End PBXNativeTarget section */

/* Begin PBXProject section */
		0E49175326CA2ABC0045C0E8 /* Project object */ = {
			isa = PBXProject;
			attributes = {
				LastSwiftUpdateCheck = 1140;
				LastUpgradeCheck = 1140;
				ORGANIZATIONNAME = "Daniel Williams";
				TargetAttributes = {
					0E49175A26CA2ABC0045C0E8 = {
						CreatedOnToolsVersion = 11.4.1;
					};
					0E49177026CA2ABF0045C0E8 = {
						CreatedOnToolsVersion = 11.4.1;
						TestTargetID = 0E49175A26CA2ABC0045C0E8;
					};
					0E49177B26CA2ABF0045C0E8 = {
						CreatedOnToolsVersion = 11.4.1;
						TestTargetID = 0E49175A26CA2ABC0045C0E8;
					};
				};
			};
			buildConfigurationList = 0E49175626CA2ABC0045C0E8 /* Build configuration list for PBXProject "Tip Calculator" */;
			compatibilityVersion = "Xcode 9.3";
			developmentRegion = en;
			hasScannedForEncodings = 0;
			knownRegions = (
				en,
				Base,
			);
			mainGroup = 0E49175226CA2ABC0045C0E8;
			productRefGroup = 0E49175C26CA2ABC0045C0E8 /* Products */;
			projectDirPath = "";
			projectRoot = "";
			targets = (
				0E49175A26CA2ABC0045C0E8 /* Tip Calculator */,
				0E49177026CA2ABF0045C0E8 /* Tip CalculatorTests */,
				0E49177B26CA2ABF0045C0E8 /* Tip CalculatorUITests */,
			);
		};
/* End PBXProject section */

/* Begin PBXResourcesBuildPhase section */
		0E49175926CA2ABC0045C0E8 /* Resources */ = {
			isa = PBXResourcesBuildPhase;
			buildActionMask = 2147483647;
			files = (
				0E49176B26CA2ABF0045C0E8 /* LaunchScreen.storyboard in Resources */,
				0E49176826CA2ABF0045C0E8 /* Preview Assets.xcassets in Resources */,
				0E49176526CA2ABF0045C0E8 /* Assets.xcassets in Resources */,
			);
			runOnlyForDeploymentPostprocessing = 0;
		};
		0E49176F26CA2ABF0045C0E8 /* Resources */ = {
			isa = PBXResourcesBuildPhase;
			buildActionMask = 2147483647;
			files = (
			);
			runOnlyForDeploymentPostprocessing = 0;
		};
		0E49177A26CA2ABF0045C0E8 /* Resources */ = {
			isa = PBXResourcesBuildPhase;
			buildActionMask = 2147483647;
			files = (
			);
			runOnlyForDeploymentPostprocessing = 0;
		};
/* End PBXResourcesBuildPhase section */

/* Begin PBXSourcesBuildPhase section */
		0E49175726CA2ABC0045C0E8 /* Sources */ = {
			isa = PBXSourcesBuildPhase;
			buildActionMask = 2147483647;
			files = (
				0E49175F26CA2ABC0045C0E8 /* AppDelegate.swift in Sources */,
				0E49176126CA2ABC0045C0E8 /* SceneDelegate.swift in Sources */,
				0E49176326CA2ABC0045C0E8 /* ContentView.swift in Sources */,
			);
			runOnlyForDeploymentPostprocessing = 0;
		};
		0E49176D26CA2ABF0045C0E8 /* Sources */ = {
			isa = PBXSourcesBuildPhase;
			buildActionMask = 2147483647;
			files = (
				0E49177626CA2ABF0045C0E8 /* Tip_CalculatorTests.swift in Sources */,
			);
			runOnlyForDeploymentPostprocessing = 0;
		};
		0E49177826CA2ABF0045C0E8 /* Sources */ = {
			isa = PBXSourcesBuildPhase;
			buildActionMask = 2147483647;
			files = (
				0E49178126CA2ABF0045C0E8 /* Tip_CalculatorUITests.swift in Sources */,
			);
			runOnlyForDeploymentPostprocessing = 0;
		};
/* End PBXSourcesBuildPhase section */

/* Begin PBXTargetDependency section */
		0E49177326CA2ABF0045C0E8 /* PBXTargetDependency */ = {
			isa = PBXTargetDependency;
			target = 0E49175A26CA2ABC0045C0E8 /* Tip Calculator */;
			targetProxy = 0E49177226CA2ABF0045C0E8 /* PBXContainerItemProxy */;
		};
		0E49177E26CA2ABF0045C0E8 /* PBXTargetDependency */ = {
			isa = PBXTargetDependency;
			target = 0E49175A26CA2ABC0045C0E8 /* Tip Calculator */;
			targetProxy = 0E49177D26CA2ABF0045C0E8 /* PBXContainerItemProxy */;
		};
/* End PBXTargetDependency section */

/* Begin PBXVariantGroup section */
		0E49176926CA2ABF0045C0E8 /* LaunchScreen.storyboard */ = {
			isa = PBXVariantGroup;
			children = (
				0E49176A26CA2ABF0045C0E8 /* Base */,
			);
			name = LaunchScreen.storyboard;
			sourceTree = "<group>";
		};
/* End PBXVariantGroup section */

/* Begin XCBuildConfiguration section */
		0E49178326CA2ABF0045C0E8 /* Debug */ = {
			isa = XCBuildConfiguration;
			buildSettings = {
				ALWAYS_SEARCH_USER_PATHS = NO;
				CLANG_ANALYZER_NONNULL = YES;
				CLANG_ANALYZER_NUMBER_OBJECT_CONVERSION = YES_AGGRESSIVE;
				CLANG_CXX_LANGUAGE_STANDARD = "gnu++14";
				CLANG_CXX_LIBRARY = "libc++";
				CLANG_ENABLE_MODULES = YES;
				CLANG_ENABLE_OBJC_ARC = YES;
				CLANG_ENABLE_OBJC_WEAK = YES;
				CLANG_WARN_BLOCK_CAPTURE_AUTORELEASING = YES;
				CLANG_WARN_BOOL_CONVERSION = YES;
				CLANG_WARN_COMMA = YES;
				CLANG_WARN_CONSTANT_CONVERSION = YES;
				CLANG_WARN_DEPRECATED_OBJC_IMPLEMENTATIONS = YES;
				CLANG_WARN_DIRECT_OBJC_ISA_USAGE = YES_ERROR;
				CLANG_WARN_DOCUMENTATION_COMMENTS = YES;
				CLANG_WARN_EMPTY_BODY = YES;
				CLANG_WARN_ENUM_CONVERSION = YES;
				CLANG_WARN_INFINITE_RECURSION = YES;
				CLANG_WARN_INT_CONVERSION = YES;
				CLANG_WARN_NON_LITERAL_NULL_CONVERSION = YES;
				CLANG_WARN_OBJC_IMPLICIT_RETAIN_SELF = YES;
				CLANG_WARN_OBJC_LITERAL_CONVERSION = YES;
				CLANG_WARN_OBJC_ROOT_CLASS = YES_ERROR;
				CLANG_WARN_RANGE_LOOP_ANALYSIS = YES;
				CLANG_WARN_STRICT_PROTOTYPES = YES;
				CLANG_WARN_SUSPICIOUS_MOVE = YES;
				CLANG_WARN_UNGUARDED_AVAILABILITY = YES_AGGRESSIVE;
				CLANG_WARN_UNREACHABLE_CODE = YES;
				CLANG_WARN__DUPLICATE_METHOD_MATCH = YES;
				COPY_PHASE_STRIP = NO;
				DEBUG_INFORMATION_FORMAT = dwarf;
				ENABLE_STRICT_OBJC_MSGSEND = YES;
				ENABLE_TESTABILITY = YES;
				GCC_C_LANGUAGE_STANDARD = gnu11;
				GCC_DYNAMIC_NO_PIC = NO;
				GCC_NO_COMMON_BLOCKS = YES;
				GCC_OPTIMIZATION_LEVEL = 0;
				GCC_PREPROCESSOR_DEFINITIONS = (
					"DEBUG=1",
					"$(inherited)",
				);
				GCC_WARN_64_TO_32_BIT_CONVERSION = YES;
				GCC_WARN_ABOUT_RETURN_TYPE = YES_ERROR;
				GCC_WARN_UNDECLARED_SELECTOR = YES;
				GCC_WARN_UNINITIALIZED_AUTOS = YES_AGGRESSIVE;
				GCC_WARN_UNUSED_FUNCTION = YES;
				GCC_WARN_UNUSED_VARIABLE = YES;
				IPHONEOS_DEPLOYMENT_TARGET = 13.4;
				MTL_ENABLE_DEBUG_INFO = INCLUDE_SOURCE;
				MTL_FAST_MATH = YES;
				ONLY_ACTIVE_ARCH = YES;
				SDKROOT = iphoneos;
				SWIFT_ACTIVE_COMPILATION_CONDITIONS = DEBUG;
				SWIFT_OPTIMIZATION_LEVEL = "-Onone";
			};
			name = Debug;
		};
		0E49178426CA2ABF0045C0E8 /* Release */ = {
			isa = XCBuildConfiguration;
			buildSettings = {
				ALWAYS_SEARCH_USER_PATHS = NO;
				CLANG_ANALYZER_NONNULL = YES;
				CLANG_ANALYZER_NUMBER_OBJECT_CONVERSION = YES_AGGRESSIVE;
				CLANG_CXX_LANGUAGE_STANDARD = "gnu++14";
				CLANG_CXX_LIBRARY = "libc++";
				CLANG_ENABLE_MODULES = YES;
				CLANG_ENABLE_OBJC_ARC = YES;
				CLANG_ENABLE_OBJC_WEAK = YES;
				CLANG_WARN_BLOCK_CAPTURE_AUTORELEASING = YES;
				CLANG_WARN_BOOL_CONVERSION = YES;
				CLANG_WARN_COMMA = YES;
				CLANG_WARN_CONSTANT_CONVERSION = YES;
				CLANG_WARN_DEPRECATED_OBJC_IMPLEMENTATIONS = YES;
				CLANG_WARN_DIRECT_OBJC_ISA_USAGE = YES_ERROR;
				CLANG_WARN_DOCUMENTATION_COMMENTS = YES;
				CLANG_WARN_EMPTY_BODY = YES;
				CLANG_WARN_ENUM_CONVERSION = YES;
				CLANG_WARN_INFINITE_RECURSION = YES;
				CLANG_WARN_INT_CONVERSION = YES;
				CLANG_WARN_NON_LITERAL_NULL_CONVERSION = YES;
				CLANG_WARN_OBJC_IMPLICIT_RETAIN_SELF = YES;
				CLANG_WARN_OBJC_LITERAL_CONVERSION = YES;
				CLANG_WARN_OBJC_ROOT_CLASS = YES_ERROR;
				CLANG_WARN_RANGE_LOOP_ANALYSIS = YES;
				CLANG_WARN_STRICT_PROTOTYPES = YES;
				CLANG_WARN_SUSPICIOUS_MOVE = YES;
				CLANG_WARN_UNGUARDED_AVAILABILITY = YES_AGGRESSIVE;
				CLANG_WARN_UNREACHABLE_CODE = YES;
				CLANG_WARN__DUPLICATE_METHOD_MATCH = YES;
				COPY_PHASE_STRIP = NO;
				DEBUG_INFORMATION_FORMAT = "dwarf-with-dsym";
				ENABLE_NS_ASSERTIONS = NO;
				ENABLE_STRICT_OBJC_MSGSEND = YES;
				GCC_C_LANGUAGE_STANDARD = gnu11;
				GCC_NO_COMMON_BLOCKS = YES;
				GCC_WARN_64_TO_32_BIT_CONVERSION = YES;
				GCC_WARN_ABOUT_RETURN_TYPE = YES_ERROR;
				GCC_WARN_UNDECLARED_SELECTOR = YES;
				GCC_WARN_UNINITIALIZED_AUTOS = YES_AGGRESSIVE;
				GCC_WARN_UNUSED_FUNCTION = YES;
				GCC_WARN_UNUSED_VARIABLE = YES;
				IPHONEOS_DEPLOYMENT_TARGET = 13.4;
				MTL_ENABLE_DEBUG_INFO = NO;
				MTL_FAST_MATH = YES;
				SDKROOT = iphoneos;
				SWIFT_COMPILATION_MODE = wholemodule;
				SWIFT_OPTIMIZATION_LEVEL = "-O";
				VALIDATE_PRODUCT = YES;
			};
			name = Release;
		};
		0E49178626CA2ABF0045C0E8 /* Debug */ = {
			isa = XCBuildConfiguration;
			buildSettings = {
				ASSETCATALOG_COMPILER_APPICON_NAME = AppIcon;
				CODE_SIGN_STYLE = Automatic;
				DEVELOPMENT_ASSET_PATHS = "\"Tip Calculator/Preview Content\"";
				DEVELOPMENT_TEAM = V287DG8N7B;
				ENABLE_PREVIEWS = YES;
				INFOPLIST_FILE = "Tip Calculator/Info.plist";
				LD_RUNPATH_SEARCH_PATHS = (
					"$(inherited)",
					"@executable_path/Frameworks",
				);
				PRODUCT_BUNDLE_IDENTIFIER = "danielbeans.com.Tip-Calculator";
				PRODUCT_NAME = "$(TARGET_NAME)";
				SWIFT_VERSION = 5.0;
				TARGETED_DEVICE_FAMILY = "1,2";
			};
			name = Debug;
		};
		0E49178726CA2ABF0045C0E8 /* Release */ = {
			isa = XCBuildConfiguration;
			buildSettings = {
				ASSETCATALOG_COMPILER_APPICON_NAME = AppIcon;
				CODE_SIGN_STYLE = Automatic;
				DEVELOPMENT_ASSET_PATHS = "\"Tip Calculator/Preview Content\"";
				DEVELOPMENT_TEAM = V287DG8N7B;
				ENABLE_PREVIEWS = YES;
				INFOPLIST_FILE = "Tip Calculator/Info.plist";
				LD_RUNPATH_SEARCH_PATHS = (
					"$(inherited)",
					"@executable_path/Frameworks",
				);
				PRODUCT_BUNDLE_IDENTIFIER = "danielbeans.com.Tip-Calculator";
				PRODUCT_NAME = "$(TARGET_NAME)";
				SWIFT_VERSION = 5.0;
				TARGETED_DEVICE_FAMILY = "1,2";
			};
			name = Release;
		};
		0E49178926CA2ABF0045C0E8 /* Debug */ = {
			isa = XCBuildConfiguration;
			buildSettings = {
				ALWAYS_EMBED_SWIFT_STANDARD_LIBRARIES = YES;
				BUNDLE_LOADER = "$(TEST_HOST)";
				CODE_SIGN_STYLE = Automatic;
				DEVELOPMENT_TEAM = V287DG8N7B;
				INFOPLIST_FILE = "Tip CalculatorTests/Info.plist";
				IPHONEOS_DEPLOYMENT_TARGET = 13.4;
				LD_RUNPATH_SEARCH_PATHS = (
					"$(inherited)",
					"@executable_path/Frameworks",
					"@loader_path/Frameworks",
				);
				PRODUCT_BUNDLE_IDENTIFIER = "danielbeans.com.Tip-CalculatorTests";
				PRODUCT_NAME = "$(TARGET_NAME)";
				SWIFT_VERSION = 5.0;
				TARGETED_DEVICE_FAMILY = "1,2";
				TEST_HOST = "$(BUILT_PRODUCTS_DIR)/Tip Calculator.app/Tip Calculator";
			};
			name = Debug;
		};
		0E49178A26CA2ABF0045C0E8 /* Release */ = {
			isa = XCBuildConfiguration;
			buildSettings = {
				ALWAYS_EMBED_SWIFT_STANDARD_LIBRARIES = YES;
				BUNDLE_LOADER = "$(TEST_HOST)";
				CODE_SIGN_STYLE = Automatic;
				DEVELOPMENT_TEAM = V287DG8N7B;
				INFOPLIST_FILE = "Tip CalculatorTests/Info.plist";
				IPHONEOS_DEPLOYMENT_TARGET = 13.4;
				LD_RUNPATH_SEARCH_PATHS = (
					"$(inherited)",
					"@executable_path/Frameworks",
					"@loader_path/Frameworks",
				);
				PRODUCT_BUNDLE_IDENTIFIER = "danielbeans.com.Tip-CalculatorTests";
				PRODUCT_NAME = "$(TARGET_NAME)";
				SWIFT_VERSION = 5.0;
				TARGETED_DEVICE_FAMILY = "1,2";
				TEST_HOST = "$(BUILT_PRODUCTS_DIR)/Tip Calculator.app/Tip Calculator";
			};
			name = Release;
		};
		0E49178C26CA2ABF0045C0E8 /* Debug */ = {
			isa = XCBuildConfiguration;
			buildSettings = {
				ALWAYS_EMBED_SWIFT_STANDARD_LIBRARIES = YES;
				CODE_SIGN_STYLE = Automatic;
				DEVELOPMENT_TEAM = V287DG8N7B;
				INFOPLIST_FILE = "Tip CalculatorUITests/Info.plist";
				LD_RUNPATH_SEARCH_PATHS = (
					"$(inherited)",
					"@executable_path/Frameworks",
					"@loader_path/Frameworks",
				);
				PRODUCT_BUNDLE_IDENTIFIER = "danielbeans.com.Tip-CalculatorUITests";
				PRODUCT_NAME = "$(TARGET_NAME)";
				SWIFT_VERSION = 5.0;
				TARGETED_DEVICE_FAMILY = "1,2";
				TEST_TARGET_NAME = "Tip Calculator";
			};
			name = Debug;
		};
		0E49178D26CA2ABF0045C0E8 /* Release */ = {
			isa = XCBuildConfiguration;
			buildSettings = {
				ALWAYS_EMBED_SWIFT_STANDARD_LIBRARIES = YES;
				CODE_SIGN_STYLE = Automatic;
				DEVELOPMENT_TEAM = V287DG8N7B;
				INFOPLIST_FILE = "Tip CalculatorUITests/Info.plist";
				LD_RUNPATH_SEARCH_PATHS = (
					"$(inherited)",
					"@executable_path/Frameworks",
					"@loader_path/Frameworks",
				);
				PRODUCT_BUNDLE_IDENTIFIER = "danielbeans.com.Tip-CalculatorUITests";
				PRODUCT_NAME = "$(TARGET_NAME)";
				SWIFT_VERSION = 5.0;
				TARGETED_DEVICE_FAMILY = "1,2";
				TEST_TARGET_NAME = "Tip Calculator";
			};
			name = Release;
		};
/* End XCBuildConfiguration section */

/* Begin XCConfigurationList section */
		0E49175626CA2ABC0045C0E8 /* Build configuration list for PBXProject "Tip Calculator" */ = {
			isa = XCConfigurationList;
			buildConfigurations = (
				0E49178326CA2ABF0045C0E8 /* Debug */,
				0E49178426CA2ABF0045C0E8 /* Release */,
			);
			defaultConfigurationIsVisible = 0;
			defaultConfigurationName = Release;
		};
		0E49178526CA2ABF0045C0E8 /* Build configuration list for PBXNativeTarget "Tip Calculator" */ = {
			isa = XCConfigurationList;
			buildConfigurations = (
				0E49178626CA2ABF0045C0E8 /* Debug */,
				0E49178726CA2ABF0045C0E8 /* Release */,
			);
			defaultConfigurationIsVisible = 0;
			defaultConfigurationName = Release;
		};
		0E49178826CA2ABF0045C0E8 /* Build configuration list for PBXNativeTarget "Tip CalculatorTests" */ = {
			isa = XCConfigurationList;
			buildConfigurations = (
				0E49178926CA2ABF0045C0E8 /* Debug */,
				0E49178A26CA2ABF0045C0E8 /* Release */,
			);
			defaultConfigurationIsVisible = 0;
			defaultConfigurationName = Release;
		};
		0E49178B26CA2ABF0045C0E8 /* Build configuration list for PBXNativeTarget "Tip CalculatorUITests" */ = {
			isa = XCConfigurationList;
			buildConfigurations = (
				0E49178C26CA2ABF0045C0E8 /* Debug */,
				0E49178D26CA2ABF0045C0E8 /* Release */,
			);
			defaultConfigurationIsVisible = 0;
			defaultConfigurationName = Release;
		};
/* End XCConfigurationList section */
	};
	rootObject = 0E49175326CA2ABC0045C0E8 /* Project object */;
}
