// !$*UTF8*$!
{
	archiveVersion = 1;
	classes = {
	};
	objectVersion = 53;
	objects = {

/* Begin PBXBuildFile section */
		0E49172226C72A860045C0E8 /* AppDelegate.swift in Sources */ = {isa = PBXBuildFile; fileRef = 0E49172126C72A860045C0E8 /* AppDelegate.swift */; };
		0E49172426C72A860045C0E8 /* SceneDelegate.swift in Sources */ = {isa = PBXBuildFile; fileRef = 0E49172326C72A860045C0E8 /* SceneDelegate.swift */; };
		0E49172626C72A860045C0E8 /* ViewController.swift in Sources */ = {isa = PBXBuildFile; fileRef = 0E49172526C72A860045C0E8 /* ViewController.swift */; };
		0E49172926C72A860045C0E8 /* Main.storyboard in Resources */ = {isa = PBXBuildFile; fileRef = 0E49172726C72A860045C0E8 /* Main.storyboard */; };
		0E49172B26C72A8A0045C0E8 /* Assets.xcassets in Resources */ = {isa = PBXBuildFile; fileRef = 0E49172A26C72A8A0045C0E8 /* Assets.xcassets */; };
		0E49172E26C72A8A0045C0E8 /* LaunchScreen.storyboard in Resources */ = {isa = PBXBuildFile; fileRef = 0E49172C26C72A8A0045C0E8 /* LaunchScreen.storyboard */; };
		0E49173926C72A8A0045C0E8 /* PreworkTests.swift in Sources */ = {isa = PBXBuildFile; fileRef = 0E49173826C72A8A0045C0E8 /* PreworkTests.swift */; };
		0E49174426C72A8A0045C0E8 /* PreworkUITests.swift in Sources */ = {isa = PBXBuildFile; fileRef = 0E49174326C72A8A0045C0E8 /* PreworkUITests.swift */; };
/* End PBXBuildFile section */

/* Begin PBXContainerItemProxy section */
		0E49173526C72A8A0045C0E8 /* PBXContainerItemProxy */ = {
			isa = PBXContainerItemProxy;
			containerPortal = 0E49171626C72A850045C0E8 /* Project object */;
			proxyType = 1;
			remoteGlobalIDString = 0E49171D26C72A860045C0E8;
			remoteInfo = Prework;
		};
		0E49174026C72A8A0045C0E8 /* PBXContainerItemProxy */ = {
			isa = PBXContainerItemProxy;
			containerPortal = 0E49171626C72A850045C0E8 /* Project object */;
			proxyType = 1;
			remoteGlobalIDString = 0E49171D26C72A860045C0E8;
			remoteInfo = Prework;
		};
/* End PBXContainerItemProxy section */

/* Begin PBXFileReference section */
		0E49171E26C72A860045C0E8 /* Prework.app */ = {isa = PBXFileReference; explicitFileType = wrapper.application; includeInIndex = 0; path = Prework.app; sourceTree = BUILT_PRODUCTS_DIR; };
		0E49172126C72A860045C0E8 /* AppDelegate.swift */ = {isa = PBXFileReference; lastKnownFileType = sourcecode.swift; path = AppDelegate.swift; sourceTree = "<group>"; };
		0E49172326C72A860045C0E8 /* SceneDelegate.swift */ = {isa = PBXFileReference; lastKnownFileType = sourcecode.swift; path = SceneDelegate.swift; sourceTree = "<group>"; };
		0E49172526C72A860045C0E8 /* ViewController.swift */ = {isa = PBXFileReference; lastKnownFileType = sourcecode.swift; path = ViewController.swift; sourceTree = "<group>"; };
		0E49172826C72A860045C0E8 /* Base */ = {isa = PBXFileReference; lastKnownFileType = file.storyboard; name = Base; path = Base.lproj/Main.storyboard; sourceTree = "<group>"; };
		0E49172A26C72A8A0045C0E8 /* Assets.xcassets */ = {isa = PBXFileReference; lastKnownFileType = folder.assetcatalog; path = Assets.xcassets; sourceTree = "<group>"; };
		0E49172D26C72A8A0045C0E8 /* Base */ = {isa = PBXFileReference; lastKnownFileType = file.storyboard; name = Base; path = Base.lproj/LaunchScreen.storyboard; sourceTree = "<group>"; };
		0E49172F26C72A8A0045C0E8 /* Info.plist */ = {isa = PBXFileReference; lastKnownFileType = text.plist.xml; path = Info.plist; sourceTree = "<group>"; };
		0E49173426C72A8A0045C0E8 /* PreworkTests.xctest */ = {isa = PBXFileReference; explicitFileType = wrapper.cfbundle; includeInIndex = 0; path = PreworkTests.xctest; sourceTree = BUILT_PRODUCTS_DIR; };
		0E49173826C72A8A0045C0E8 /* PreworkTests.swift */ = {isa = PBXFileReference; lastKnownFileType = sourcecode.swift; path = PreworkTests.swift; sourceTree = "<group>"; };
		0E49173A26C72A8A0045C0E8 /* Info.plist */ = {isa = PBXFileReference; lastKnownFileType = text.plist.xml; path = Info.plist; sourceTree = "<group>"; };
		0E49173F26C72A8A0045C0E8 /* PreworkUITests.xctest */ = {isa = PBXFileReference; explicitFileType = wrapper.cfbundle; includeInIndex = 0; path = PreworkUITests.xctest; sourceTree = BUILT_PRODUCTS_DIR; };
		0E49174326C72A8A0045C0E8 /* PreworkUITests.swift */ = {isa = PBXFileReference; lastKnownFileType = sourcecode.swift; path = PreworkUITests.swift; sourceTree = "<group>"; };
		0E49174526C72A8A0045C0E8 /* Info.plist */ = {isa = PBXFileReference; lastKnownFileType = text.plist.xml; path = Info.plist; sourceTree = "<group>"; };
/* End PBXFileReference section */

/* Begin PBXFrameworksBuildPhase section */
		0E49171B26C72A860045C0E8 /* Frameworks */ = {
			isa = PBXFrameworksBuildPhase;
			buildActionMask = 2147483647;
			files = (
			);
			runOnlyForDeploymentPostprocessing = 0;
		};
		0E49173126C72A8A0045C0E8 /* Frameworks */ = {
			isa = PBXFrameworksBuildPhase;
			buildActionMask = 2147483647;
			files = (
			);
			runOnlyForDeploymentPostprocessing = 0;
		};
		0E49173C26C72A8A0045C0E8 /* Frameworks */ = {
			isa = PBXFrameworksBuildPhase;
			buildActionMask = 2147483647;
			files = (
			);
			runOnlyForDeploymentPostprocessing = 0;
		};
/* End PBXFrameworksBuildPhase section */

/* Begin PBXGroup section */
		0E49171526C72A850045C0E8 = {
			isa = PBXGroup;
			children = (
				0E49172026C72A860045C0E8 /* Prework */,
				0E49173726C72A8A0045C0E8 /* PreworkTests */,
				0E49174226C72A8A0045C0E8 /* PreworkUITests */,
				0E49171F26C72A860045C0E8 /* Products */,
			);
			sourceTree = "<group>";
		};
		0E49171F26C72A860045C0E8 /* Products */ = {
			isa = PBXGroup;
			children = (
				0E49171E26C72A860045C0E8 /* Prework.app */,
				0E49173426C72A8A0045C0E8 /* PreworkTests.xctest */,
				0E49173F26C72A8A0045C0E8 /* PreworkUITests.xctest */,
			);
			name = Products;
			sourceTree = "<group>";
		};
		0E49172026C72A860045C0E8 /* Prework */ = {
			isa = PBXGroup;
			children = (
				0E49172126C72A860045C0E8 /* AppDelegate.swift */,
				0E49172326C72A860045C0E8 /* SceneDelegate.swift */,
				0E49172526C72A860045C0E8 /* ViewController.swift */,
				0E49172726C72A860045C0E8 /* Main.storyboard */,
				0E49172A26C72A8A0045C0E8 /* Assets.xcassets */,
				0E49172C26C72A8A0045C0E8 /* LaunchScreen.storyboard */,
				0E49172F26C72A8A0045C0E8 /* Info.plist */,
			);
			path = Prework;
			sourceTree = "<group>";
		};
		0E49173726C72A8A0045C0E8 /* PreworkTests */ = {
			isa = PBXGroup;
			children = (
				0E49173826C72A8A0045C0E8 /* PreworkTests.swift */,
				0E49173A26C72A8A0045C0E8 /* Info.plist */,
			);
			path = PreworkTests;
			sourceTree = "<group>";
		};
		0E49174226C72A8A0045C0E8 /* PreworkUITests */ = {
			isa = PBXGroup;
			children = (
				0E49174326C72A8A0045C0E8 /* PreworkUITests.swift */,
				0E49174526C72A8A0045C0E8 /* Info.plist */,
			);
			path = PreworkUITests;
			sourceTree = "<group>";
		};
/* End PBXGroup section */

/* Begin PBXNativeTarget section */
		0E49171D26C72A860045C0E8 /* Prework */ = {
			isa = PBXNativeTarget;
			buildConfigurationList = 0E49174826C72A8A0045C0E8 /* Build configuration list for PBXNativeTarget "Prework" */;
			buildPhases = (
				0E49171A26C72A860045C0E8 /* Sources */,
				0E49171B26C72A860045C0E8 /* Frameworks */,
				0E49171C26C72A860045C0E8 /* Resources */,
			);
			buildRules = (
			);
			dependencies = (
			);
			name = Prework;
			productName = Prework;
			productReference = 0E49171E26C72A860045C0E8 /* Prework.app */;
			productType = "com.apple.product-type.application";
		};
		0E49173326C72A8A0045C0E8 /* PreworkTests */ = {
			isa = PBXNativeTarget;
			buildConfigurationList = 0E49174B26C72A8A0045C0E8 /* Build configuration list for PBXNativeTarget "PreworkTests" */;
			buildPhases = (
				0E49173026C72A8A0045C0E8 /* Sources */,
				0E49173126C72A8A0045C0E8 /* Frameworks */,
				0E49173226C72A8A0045C0E8 /* Resources */,
			);
			buildRules = (
			);
			dependencies = (
				0E49173626C72A8A0045C0E8 /* PBXTargetDependency */,
			);
			name = PreworkTests;
			productName = PreworkTests;
			productReference = 0E49173426C72A8A0045C0E8 /* PreworkTests.xctest */;
			productType = "com.apple.product-type.bundle.unit-test";
		};
		0E49173E26C72A8A0045C0E8 /* PreworkUITests */ = {
			isa = PBXNativeTarget;
			buildConfigurationList = 0E49174E26C72A8A0045C0E8 /* Build configuration list for PBXNativeTarget "PreworkUITests" */;
			buildPhases = (
				0E49173B26C72A8A0045C0E8 /* Sources */,
				0E49173C26C72A8A0045C0E8 /* Frameworks */,
				0E49173D26C72A8A0045C0E8 /* Resources */,
			);
			buildRules = (
			);
			dependencies = (
				0E49174126C72A8A0045C0E8 /* PBXTargetDependency */,
			);
			name = PreworkUITests;
			productName = PreworkUITests;
			productReference = 0E49173F26C72A8A0045C0E8 /* PreworkUITests.xctest */;
			productType = "com.apple.product-type.bundle.ui-testing";
		};
/* End PBXNativeTarget section */

/* Begin PBXProject section */
		0E49171626C72A850045C0E8 /* Project object */ = {
			isa = PBXProject;
			attributes = {
				LastSwiftUpdateCheck = 1140;
				LastUpgradeCheck = 1140;
				ORGANIZATIONNAME = "Daniel Williams";
				TargetAttributes = {
					0E49171D26C72A860045C0E8 = {
						CreatedOnToolsVersion = 11.4.1;
					};
					0E49173326C72A8A0045C0E8 = {
						CreatedOnToolsVersion = 11.4.1;
						TestTargetID = 0E49171D26C72A860045C0E8;
					};
					0E49173E26C72A8A0045C0E8 = {
						CreatedOnToolsVersion = 11.4.1;
						TestTargetID = 0E49171D26C72A860045C0E8;
					};
				};
			};
			buildConfigurationList = 0E49171926C72A850045C0E8 /* Build configuration list for PBXProject "Prework" */;
			compatibilityVersion = "Xcode 11.4";
			developmentRegion = en;
			hasScannedForEncodings = 0;
			knownRegions = (
				en,
				Base,
			);
			mainGroup = 0E49171526C72A850045C0E8;
			productRefGroup = 0E49171F26C72A860045C0E8 /* Products */;
			projectDirPath = "";
			projectRoot = "";
			targets = (
				0E49171D26C72A860045C0E8 /* Prework */,
				0E49173326C72A8A0045C0E8 /* PreworkTests */,
				0E49173E26C72A8A0045C0E8 /* PreworkUITests */,
			);
		};
/* End PBXProject section */

/* Begin PBXResourcesBuildPhase section */
		0E49171C26C72A860045C0E8 /* Resources */ = {
			isa = PBXResourcesBuildPhase;
			buildActionMask = 2147483647;
			files = (
				0E49172E26C72A8A0045C0E8 /* LaunchScreen.storyboard in Resources */,
				0E49172B26C72A8A0045C0E8 /* Assets.xcassets in Resources */,
				0E49172926C72A860045C0E8 /* Main.storyboard in Resources */,
			);
			runOnlyForDeploymentPostprocessing = 0;
		};
		0E49173226C72A8A0045C0E8 /* Resources */ = {
			isa = PBXResourcesBuildPhase;
			buildActionMask = 2147483647;
			files = (
			);
			runOnlyForDeploymentPostprocessing = 0;
		};
		0E49173D26C72A8A0045C0E8 /* Resources */ = {
			isa = PBXResourcesBuildPhase;
			buildActionMask = 2147483647;
			files = (
			);
			runOnlyForDeploymentPostprocessing = 0;
		};
/* End PBXResourcesBuildPhase section */

/* Begin PBXSourcesBuildPhase section */
		0E49171A26C72A860045C0E8 /* Sources */ = {
			isa = PBXSourcesBuildPhase;
			buildActionMask = 2147483647;
			files = (
				0E49172626C72A860045C0E8 /* ViewController.swift in Sources */,
				0E49172226C72A860045C0E8 /* AppDelegate.swift in Sources */,
				0E49172426C72A860045C0E8 /* SceneDelegate.swift in Sources */,
			);
			runOnlyForDeploymentPostprocessing = 0;
		};
		0E49173026C72A8A0045C0E8 /* Sources */ = {
			isa = PBXSourcesBuildPhase;
			buildActionMask = 2147483647;
			files = (
				0E49173926C72A8A0045C0E8 /* PreworkTests.swift in Sources */,
			);
			runOnlyForDeploymentPostprocessing = 0;
		};
		0E49173B26C72A8A0045C0E8 /* Sources */ = {
			isa = PBXSourcesBuildPhase;
			buildActionMask = 2147483647;
			files = (
				0E49174426C72A8A0045C0E8 /* PreworkUITests.swift in Sources */,
			);
			runOnlyForDeploymentPostprocessing = 0;
		};
/* End PBXSourcesBuildPhase section */

/* Begin PBXTargetDependency section */
		0E49173626C72A8A0045C0E8 /* PBXTargetDependency */ = {
			isa = PBXTargetDependency;
			target = 0E49171D26C72A860045C0E8 /* Prework */;
			targetProxy = 0E49173526C72A8A0045C0E8 /* PBXContainerItemProxy */;
		};
		0E49174126C72A8A0045C0E8 /* PBXTargetDependency */ = {
			isa = PBXTargetDependency;
			target = 0E49171D26C72A860045C0E8 /* Prework */;
			targetProxy = 0E49174026C72A8A0045C0E8 /* PBXContainerItemProxy */;
		};
/* End PBXTargetDependency section */

/* Begin PBXVariantGroup section */
		0E49172726C72A860045C0E8 /* Main.storyboard */ = {
			isa = PBXVariantGroup;
			children = (
				0E49172826C72A860045C0E8 /* Base */,
			);
			name = Main.storyboard;
			sourceTree = "<group>";
		};
		0E49172C26C72A8A0045C0E8 /* LaunchScreen.storyboard */ = {
			isa = PBXVariantGroup;
			children = (
				0E49172D26C72A8A0045C0E8 /* Base */,
			);
			name = LaunchScreen.storyboard;
			sourceTree = "<group>";
		};
/* End PBXVariantGroup section */

/* Begin XCBuildConfiguration section */
		0E49174626C72A8A0045C0E8 /* Debug */ = {
			isa = XCBuildConfiguration;
			buildSettings = {
				ALWAYS_SEARCH_USER_PATHS = NO;
				CLANG_ANALYZER_NONNULL = YES;
				CLANG_ANALYZER_NUMBER_OBJECT_CONVERSION = YES_AGGRESSIVE;
				CLANG_CXX_LANGUAGE_STANDARD = "gnu++14";
				CLANG_CXX_LIBRARY = "libc++";
				CLANG_ENABLE_MODULES = YES;
				CLANG_ENABLE_OBJC_ARC = YES;
				CLANG_ENABLE_OBJC_WEAK = YES;
				CLANG_WARN_BLOCK_CAPTURE_AUTORELEASING = YES;
				CLANG_WARN_BOOL_CONVERSION = YES;
				CLANG_WARN_COMMA = YES;
				CLANG_WARN_CONSTANT_CONVERSION = YES;
				CLANG_WARN_DEPRECATED_OBJC_IMPLEMENTATIONS = YES;
				CLANG_WARN_DIRECT_OBJC_ISA_USAGE = YES_ERROR;
				CLANG_WARN_DOCUMENTATION_COMMENTS = YES;
				CLANG_WARN_EMPTY_BODY = YES;
				CLANG_WARN_ENUM_CONVERSION = YES;
				CLANG_WARN_INFINITE_RECURSION = YES;
				CLANG_WARN_INT_CONVERSION = YES;
				CLANG_WARN_NON_LITERAL_NULL_CONVERSION = YES;
				CLANG_WARN_OBJC_IMPLICIT_RETAIN_SELF = YES;
				CLANG_WARN_OBJC_LITERAL_CONVERSION = YES;
				CLANG_WARN_OBJC_ROOT_CLASS = YES_ERROR;
				CLANG_WARN_RANGE_LOOP_ANALYSIS = YES;
				CLANG_WARN_STRICT_PROTOTYPES = YES;
				CLANG_WARN_SUSPICIOUS_MOVE = YES;
				CLANG_WARN_UNGUARDED_AVAILABILITY = YES_AGGRESSIVE;
				CLANG_WARN_UNREACHABLE_CODE = YES;
				CLANG_WARN__DUPLICATE_METHOD_MATCH = YES;
				COPY_PHASE_STRIP = NO;
				DEBUG_INFORMATION_FORMAT = dwarf;
				ENABLE_STRICT_OBJC_MSGSEND = YES;
				ENABLE_TESTABILITY = YES;
				GCC_C_LANGUAGE_STANDARD = gnu11;
				GCC_DYNAMIC_NO_PIC = NO;
				GCC_NO_COMMON_BLOCKS = YES;
				GCC_OPTIMIZATION_LEVEL = 0;
				GCC_PREPROCESSOR_DEFINITIONS = (
					"DEBUG=1",
					"$(inherited)",
				);
				GCC_WARN_64_TO_32_BIT_CONVERSION = YES;
				GCC_WARN_ABOUT_RETURN_TYPE = YES_ERROR;
				GCC_WARN_UNDECLARED_SELECTOR = YES;
				GCC_WARN_UNINITIALIZED_AUTOS = YES_AGGRESSIVE;
				GCC_WARN_UNUSED_FUNCTION = YES;
				GCC_WARN_UNUSED_VARIABLE = YES;
				IPHONEOS_DEPLOYMENT_TARGET = 13.4;
				MTL_ENABLE_DEBUG_INFO = INCLUDE_SOURCE;
				MTL_FAST_MATH = YES;
				ONLY_ACTIVE_ARCH = YES;
				SDKROOT = iphoneos;
				SWIFT_ACTIVE_COMPILATION_CONDITIONS = DEBUG;
				SWIFT_OPTIMIZATION_LEVEL = "-Onone";
			};
			name = Debug;
		};
		0E49174726C72A8A0045C0E8 /* Release */ = {
			isa = XCBuildConfiguration;
			buildSettings = {
				ALWAYS_SEARCH_USER_PATHS = NO;
				CLANG_ANALYZER_NONNULL = YES;
				CLANG_ANALYZER_NUMBER_OBJECT_CONVERSION = YES_AGGRESSIVE;
				CLANG_CXX_LANGUAGE_STANDARD = "gnu++14";
				CLANG_CXX_LIBRARY = "libc++";
				CLANG_ENABLE_MODULES = YES;
				CLANG_ENABLE_OBJC_ARC = YES;
				CLANG_ENABLE_OBJC_WEAK = YES;
				CLANG_WARN_BLOCK_CAPTURE_AUTORELEASING = YES;
				CLANG_WARN_BOOL_CONVERSION = YES;
				CLANG_WARN_COMMA = YES;
				CLANG_WARN_CONSTANT_CONVERSION = YES;
				CLANG_WARN_DEPRECATED_OBJC_IMPLEMENTATIONS = YES;
				CLANG_WARN_DIRECT_OBJC_ISA_USAGE = YES_ERROR;
				CLANG_WARN_DOCUMENTATION_COMMENTS = YES;
				CLANG_WARN_EMPTY_BODY = YES;
				CLANG_WARN_ENUM_CONVERSION = YES;
				CLANG_WARN_INFINITE_RECURSION = YES;
				CLANG_WARN_INT_CONVERSION = YES;
				CLANG_WARN_NON_LITERAL_NULL_CONVERSION = YES;
				CLANG_WARN_OBJC_IMPLICIT_RETAIN_SELF = YES;
				CLANG_WARN_OBJC_LITERAL_CONVERSION = YES;
				CLANG_WARN_OBJC_ROOT_CLASS = YES_ERROR;
				CLANG_WARN_RANGE_LOOP_ANALYSIS = YES;
				CLANG_WARN_STRICT_PROTOTYPES = YES;
				CLANG_WARN_SUSPICIOUS_MOVE = YES;
				CLANG_WARN_UNGUARDED_AVAILABILITY = YES_AGGRESSIVE;
				CLANG_WARN_UNREACHABLE_CODE = YES;
				CLANG_WARN__DUPLICATE_METHOD_MATCH = YES;
				COPY_PHASE_STRIP = NO;
				DEBUG_INFORMATION_FORMAT = "dwarf-with-dsym";
				ENABLE_NS_ASSERTIONS = NO;
				ENABLE_STRICT_OBJC_MSGSEND = YES;
				GCC_C_LANGUAGE_STANDARD = gnu11;
				GCC_NO_COMMON_BLOCKS = YES;
				GCC_WARN_64_TO_32_BIT_CONVERSION = YES;
				GCC_WARN_ABOUT_RETURN_TYPE = YES_ERROR;
				GCC_WARN_UNDECLARED_SELECTOR = YES;
				GCC_WARN_UNINITIALIZED_AUTOS = YES_AGGRESSIVE;
				GCC_WARN_UNUSED_FUNCTION = YES;
				GCC_WARN_UNUSED_VARIABLE = YES;
				IPHONEOS_DEPLOYMENT_TARGET = 13.4;
				MTL_ENABLE_DEBUG_INFO = NO;
				MTL_FAST_MATH = YES;
				SDKROOT = iphoneos;
				SWIFT_COMPILATION_MODE = wholemodule;
				SWIFT_OPTIMIZATION_LEVEL = "-O";
				VALIDATE_PRODUCT = YES;
			};
			name = Release;
		};
		0E49174926C72A8A0045C0E8 /* Debug */ = {
			isa = XCBuildConfiguration;
			buildSettings = {
				ASSETCATALOG_COMPILER_APPICON_NAME = AppIcon;
				CODE_SIGN_STYLE = Automatic;
				INFOPLIST_FILE = Prework/Info.plist;
				LD_RUNPATH_SEARCH_PATHS = (
					"$(inherited)",
					"@executable_path/Frameworks",
				);
				PRODUCT_BUNDLE_IDENTIFIER = test.com.Prework;
				PRODUCT_NAME = "$(TARGET_NAME)";
				SWIFT_VERSION = 5.0;
				TARGETED_DEVICE_FAMILY = "1,2";
			};
			name = Debug;
		};
		0E49174A26C72A8A0045C0E8 /* Release */ = {
			isa = XCBuildConfiguration;
			buildSettings = {
				ASSETCATALOG_COMPILER_APPICON_NAME = AppIcon;
				CODE_SIGN_STYLE = Automatic;
				INFOPLIST_FILE = Prework/Info.plist;
				LD_RUNPATH_SEARCH_PATHS = (
					"$(inherited)",
					"@executable_path/Frameworks",
				);
				PRODUCT_BUNDLE_IDENTIFIER = test.com.Prework;
				PRODUCT_NAME = "$(TARGET_NAME)";
				SWIFT_VERSION = 5.0;
				TARGETED_DEVICE_FAMILY = "1,2";
			};
			name = Release;
		};
		0E49174C26C72A8A0045C0E8 /* Debug */ = {
			isa = XCBuildConfiguration;
			buildSettings = {
				ALWAYS_EMBED_SWIFT_STANDARD_LIBRARIES = YES;
				BUNDLE_LOADER = "$(TEST_HOST)";
				CODE_SIGN_STYLE = Automatic;
				INFOPLIST_FILE = PreworkTests/Info.plist;
				IPHONEOS_DEPLOYMENT_TARGET = 13.4;
				LD_RUNPATH_SEARCH_PATHS = (
					"$(inherited)",
					"@executable_path/Frameworks",
					"@loader_path/Frameworks",
				);
				PRODUCT_BUNDLE_IDENTIFIER = test.com.PreworkTests;
				PRODUCT_NAME = "$(TARGET_NAME)";
				SWIFT_VERSION = 5.0;
				TARGETED_DEVICE_FAMILY = "1,2";
				TEST_HOST = "$(BUILT_PRODUCTS_DIR)/Prework.app/Prework";
			};
			name = Debug;
		};
		0E49174D26C72A8A0045C0E8 /* Release */ = {
			isa = XCBuildConfiguration;
			buildSettings = {
				ALWAYS_EMBED_SWIFT_STANDARD_LIBRARIES = YES;
				BUNDLE_LOADER = "$(TEST_HOST)";
				CODE_SIGN_STYLE = Automatic;
				INFOPLIST_FILE = PreworkTests/Info.plist;
				IPHONEOS_DEPLOYMENT_TARGET = 13.4;
				LD_RUNPATH_SEARCH_PATHS = (
					"$(inherited)",
					"@executable_path/Frameworks",
					"@loader_path/Frameworks",
				);
				PRODUCT_BUNDLE_IDENTIFIER = test.com.PreworkTests;
				PRODUCT_NAME = "$(TARGET_NAME)";
				SWIFT_VERSION = 5.0;
				TARGETED_DEVICE_FAMILY = "1,2";
				TEST_HOST = "$(BUILT_PRODUCTS_DIR)/Prework.app/Prework";
			};
			name = Release;
		};
		0E49174F26C72A8A0045C0E8 /* Debug */ = {
			isa = XCBuildConfiguration;
			buildSettings = {
				ALWAYS_EMBED_SWIFT_STANDARD_LIBRARIES = YES;
				CODE_SIGN_STYLE = Automatic;
				INFOPLIST_FILE = PreworkUITests/Info.plist;
				LD_RUNPATH_SEARCH_PATHS = (
					"$(inherited)",
					"@executable_path/Frameworks",
					"@loader_path/Frameworks",
				);
				PRODUCT_BUNDLE_IDENTIFIER = test.com.PreworkUITests;
				PRODUCT_NAME = "$(TARGET_NAME)";
				SWIFT_VERSION = 5.0;
				TARGETED_DEVICE_FAMILY = "1,2";
				TEST_TARGET_NAME = Prework;
			};
			name = Debug;
		};
		0E49175026C72A8A0045C0E8 /* Release */ = {
			isa = XCBuildConfiguration;
			buildSettings = {
				ALWAYS_EMBED_SWIFT_STANDARD_LIBRARIES = YES;
				CODE_SIGN_STYLE = Automatic;
				INFOPLIST_FILE = PreworkUITests/Info.plist;
				LD_RUNPATH_SEARCH_PATHS = (
					"$(inherited)",
					"@executable_path/Frameworks",
					"@loader_path/Frameworks",
				);
				PRODUCT_BUNDLE_IDENTIFIER = test.com.PreworkUITests;
				PRODUCT_NAME = "$(TARGET_NAME)";
				SWIFT_VERSION = 5.0;
				TARGETED_DEVICE_FAMILY = "1,2";
				TEST_TARGET_NAME = Prework;
			};
			name = Release;
		};
/* End XCBuildConfiguration section */

/* Begin XCConfigurationList section */
		0E49171926C72A850045C0E8 /* Build configuration list for PBXProject "Prework" */ = {
			isa = XCConfigurationList;
			buildConfigurations = (
				0E49174626C72A8A0045C0E8 /* Debug */,
				0E49174726C72A8A0045C0E8 /* Release */,
			);
			defaultConfigurationIsVisible = 0;
			defaultConfigurationName = Release;
		};
		0E49174826C72A8A0045C0E8 /* Build configuration list for PBXNativeTarget "Prework" */ = {
			isa = XCConfigurationList;
			buildConfigurations = (
				0E49174926C72A8A0045C0E8 /* Debug */,
				0E49174A26C72A8A0045C0E8 /* Release */,
			);
			defaultConfigurationIsVisible = 0;
			defaultConfigurationName = Release;
		};
		0E49174B26C72A8A0045C0E8 /* Build configuration list for PBXNativeTarget "PreworkTests" */ = {
			isa = XCConfigurationList;
			buildConfigurations = (
				0E49174C26C72A8A0045C0E8 /* Debug */,
				0E49174D26C72A8A0045C0E8 /* Release */,
			);
			defaultConfigurationIsVisible = 0;
			defaultConfigurationName = Release;
		};
		0E49174E26C72A8A0045C0E8 /* Build configuration list for PBXNativeTarget "PreworkUITests" */ = {
			isa = XCConfigurationList;
			buildConfigurations = (
				0E49174F26C72A8A0045C0E8 /* Debug */,
				0E49175026C72A8A0045C0E8 /* Release */,
			);
			defaultConfigurationIsVisible = 0;
			defaultConfigurationName = Release;
		};
/* End XCConfigurationList section */
	};
	rootObject = 0E49171626C72A850045C0E8 /* Project object */;
}
